
Microsoft Visual Studio Solution File, Format Version 12.00
# Visual Studio Version 17
VisualStudioVersion = 17.4.33205.214
MinimumVisualStudioVersion = 10.0.40219.1
Project("{9A19103F-16F7-4668-BE54-9A1E7A4F7556}") = "GCodeProcessor", "GCodeProcessor\GCodeProcessor.csproj", "{163DA656-6EFF-4BF2-A7E1-28C1D6622C45}"
EndProject
Project("{9A19103F-16F7-4668-BE54-9A1E7A4F7556}") = "GCodeProcessor.Desktop", "GCodeProcessor.Desktop\GCodeProcessor.Desktop.csproj", "{763CD805-19EE-4623-8EC9-A9580C0AD922}"
EndProject
Project("{FAE04EC0-301F-11D3-BF4B-00C04F79EFBC}") = "GCodeParser", "GCodeParser\GCodeParser.csproj", "{55327DEB-3311-4AF7-9BBD-BD9E54A8A5F5}"
EndProject
Project("{FAE04EC0-301F-11D3-BF4B-00C04F79EFBC}") = "StringHelpers", "StringHelpers\StringHelpers.csproj", "{D0DFDD71-CD6D-4BEF-A0D3-C7AC1E7882FB}"
EndProject
Global
	GlobalSection(SolutionConfigurationPlatforms) = preSolution
		Debug|Any CPU = Debug|Any CPU
		Release|Any CPU = Release|Any CPU
	EndGlobalSection
	GlobalSection(ProjectConfigurationPlatforms) = postSolution
		{163DA656-6EFF-4BF2-A7E1-28C1D6622C45}.Debug|Any CPU.ActiveCfg = Debug|Any CPU
		{163DA656-6EFF-4BF2-A7E1-28C1D6622C45}.Debug|Any CPU.Build.0 = Debug|Any CPU
		{163DA656-6EFF-4BF2-A7E1-28C1D6622C45}.Release|Any CPU.ActiveCfg = Release|Any CPU
		{163DA656-6EFF-4BF2-A7E1-28C1D6622C45}.Release|Any CPU.Build.0 = Release|Any CPU
		{763CD805-19EE-4623-8EC9-A9580C0AD922}.Debug|Any CPU.ActiveCfg = Debug|Any CPU
		{763CD805-19EE-4623-8EC9-A9580C0AD922}.Debug|Any CPU.Build.0 = Debug|Any CPU
		{763CD805-19EE-4623-8EC9-A9580C0AD922}.Release|Any CPU.ActiveCfg = Release|Any CPU
		{763CD805-19EE-4623-8EC9-A9580C0AD922}.Release|Any CPU.Build.0 = Release|Any CPU
		{55327DEB-3311-4AF7-9BBD-BD9E54A8A5F5}.Debug|Any CPU.ActiveCfg = Debug|Any CPU
		{55327DEB-3311-4AF7-9BBD-BD9E54A8A5F5}.Debug|Any CPU.Build.0 = Debug|Any CPU
		{55327DEB-3311-4AF7-9BBD-BD9E54A8A5F5}.Release|Any CPU.ActiveCfg = Release|Any CPU
		{55327DEB-3311-4AF7-9BBD-BD9E54A8A5F5}.Release|Any CPU.Build.0 = Release|Any CPU
		{D0DFDD71-CD6D-4BEF-A0D3-C7AC1E7882FB}.Debug|Any CPU.ActiveCfg = Debug|Any CPU
		{D0DFDD71-CD6D-4BEF-A0D3-C7AC1E7882FB}.Debug|Any CPU.Build.0 = Debug|Any CPU
		{D0DFDD71-CD6D-4BEF-A0D3-C7AC1E7882FB}.Release|Any CPU.ActiveCfg = Release|Any CPU
		{D0DFDD71-CD6D-4BEF-A0D3-C7AC1E7882FB}.Release|Any CPU.Build.0 = Release|Any CPU
	EndGlobalSection
	GlobalSection(SolutionProperties) = preSolution
		HideSolutionNode = FALSE
	EndGlobalSection
	GlobalSection(ExtensibilityGlobals) = postSolution
		SolutionGuid = {C120C3BD-DA2C-4A4C-9E20-7DABEB27D00D}
	EndGlobalSection
EndGlobal
